// !$*UTF8*$!
{
	archiveVersion = 1;
	classes = {
	};
	objectVersion = 56;
	objects = {

/* Begin PBXBuildFile section */
		6D7773C928E1BFC90039BC29 /* AppDelegate.swift in Sources */ = {isa = PBXBuildFile; fileRef = 6D7773C828E1BFC90039BC29 /* AppDelegate.swift */; };
		6D7773CB28E1BFC90039BC29 /* SceneDelegate.swift in Sources */ = {isa = PBXBuildFile; fileRef = 6D7773CA28E1BFC90039BC29 /* SceneDelegate.swift */; };
		6D7773CD28E1BFC90039BC29 /* ViewController.swift in Sources */ = {isa = PBXBuildFile; fileRef = 6D7773CC28E1BFC90039BC29 /* ViewController.swift */; };
		6D7773D028E1BFC90039BC29 /* Main.storyboard in Resources */ = {isa = PBXBuildFile; fileRef = 6D7773CE28E1BFC90039BC29 /* Main.storyboard */; };
		6D7773D228E1BFCC0039BC29 /* Assets.xcassets in Resources */ = {isa = PBXBuildFile; fileRef = 6D7773D128E1BFCC0039BC29 /* Assets.xcassets */; };
		6D7773D528E1BFCC0039BC29 /* LaunchScreen.storyboard in Resources */ = {isa = PBXBuildFile; fileRef = 6D7773D328E1BFCC0039BC29 /* LaunchScreen.storyboard */; };
		D607706B118A60987F16F855 /* Pods_RadioFrequencyView.framework in Frameworks */ = {isa = PBXBuildFile; fileRef = 628DF55B3D1DDCCA7716558E /* Pods_RadioFrequencyView.framework */; };
/* End PBXBuildFile section */

/* Begin PBXFileReference section */
		628DF55B3D1DDCCA7716558E /* Pods_RadioFrequencyView.framework */ = {isa = PBXFileReference; explicitFileType = wrapper.framework; includeInIndex = 0; path = Pods_RadioFrequencyView.framework; sourceTree = BUILT_PRODUCTS_DIR; };
		6D7773C528E1BFC90039BC29 /* RadioFrequencyView_Example.app */ = {isa = PBXFileReference; explicitFileType = wrapper.application; includeInIndex = 0; path = RadioFrequencyView_Example.app; sourceTree = BUILT_PRODUCTS_DIR; };
		6D7773C828E1BFC90039BC29 /* AppDelegate.swift */ = {isa = PBXFileReference; lastKnownFileType = sourcecode.swift; path = AppDelegate.swift; sourceTree = "<group>"; };
		6D7773CA28E1BFC90039BC29 /* SceneDelegate.swift */ = {isa = PBXFileReference; lastKnownFileType = sourcecode.swift; path = SceneDelegate.swift; sourceTree = "<group>"; };
		6D7773CC28E1BFC90039BC29 /* ViewController.swift */ = {isa = PBXFileReference; lastKnownFileType = sourcecode.swift; path = ViewController.swift; sourceTree = "<group>"; };
		6D7773CF28E1BFC90039BC29 /* Base */ = {isa = PBXFileReference; lastKnownFileType = file.storyboard; name = Base; path = Base.lproj/Main.storyboard; sourceTree = "<group>"; };
		6D7773D128E1BFCC0039BC29 /* Assets.xcassets */ = {isa = PBXFileReference; lastKnownFileType = folder.assetcatalog; path = Assets.xcassets; sourceTree = "<group>"; };
		6D7773D428E1BFCC0039BC29 /* Base */ = {isa = PBXFileReference; lastKnownFileType = file.storyboard; name = Base; path = Base.lproj/LaunchScreen.storyboard; sourceTree = "<group>"; };
		6D7773D628E1BFCC0039BC29 /* Info.plist */ = {isa = PBXFileReference; lastKnownFileType = text.plist.xml; path = Info.plist; sourceTree = "<group>"; };
		77D8EA0424EF5B292410D9F6 /* Pods-RadioFrequencyView.debug.xcconfig */ = {isa = PBXFileReference; includeInIndex = 1; lastKnownFileType = text.xcconfig; name = "Pods-RadioFrequencyView.debug.xcconfig"; path = "Target Support Files/Pods-RadioFrequencyView/Pods-RadioFrequencyView.debug.xcconfig"; sourceTree = "<group>"; };
		D44CE1A4CFC0ACF456EC1742 /* Pods-RadioFrequencyView.release.xcconfig */ = {isa = PBXFileReference; includeInIndex = 1; lastKnownFileType = text.xcconfig; name = "Pods-RadioFrequencyView.release.xcconfig"; path = "Target Support Files/Pods-RadioFrequencyView/Pods-RadioFrequencyView.release.xcconfig"; sourceTree = "<group>"; };
/* End PBXFileReference section */

/* Begin PBXFrameworksBuildPhase section */
		6D7773C228E1BFC90039BC29 /* Frameworks */ = {
			isa = PBXFrameworksBuildPhase;
			buildActionMask = 2147483647;
			files = (
				D607706B118A60987F16F855 /* Pods_RadioFrequencyView.framework in Frameworks */,
			);
			runOnlyForDeploymentPostprocessing = 0;
		};
/* End PBXFrameworksBuildPhase section */

/* Begin PBXGroup section */
		3037FB761B22609066E7065E /* Pods */ = {
			isa = PBXGroup;
			children = (
				77D8EA0424EF5B292410D9F6 /* Pods-RadioFrequencyView.debug.xcconfig */,
				D44CE1A4CFC0ACF456EC1742 /* Pods-RadioFrequencyView.release.xcconfig */,
			);
			path = Pods;
			sourceTree = "<group>";
		};
		4E3A5C6A92111C9BC5E8558F /* Frameworks */ = {
			isa = PBXGroup;
			children = (
				628DF55B3D1DDCCA7716558E /* Pods_RadioFrequencyView.framework */,
			);
			name = Frameworks;
			sourceTree = "<group>";
		};
		6D7773BC28E1BFC90039BC29 = {
			isa = PBXGroup;
			children = (
				6D7773C728E1BFC90039BC29 /* RadioFrequencyView */,
				6D7773C628E1BFC90039BC29 /* Products */,
				3037FB761B22609066E7065E /* Pods */,
				4E3A5C6A92111C9BC5E8558F /* Frameworks */,
			);
			sourceTree = "<group>";
		};
		6D7773C628E1BFC90039BC29 /* Products */ = {
			isa = PBXGroup;
			children = (
				6D7773C528E1BFC90039BC29 /* RadioFrequencyView_Example.app */,
			);
			name = Products;
			sourceTree = "<group>";
		};
		6D7773C728E1BFC90039BC29 /* RadioFrequencyView */ = {
			isa = PBXGroup;
			children = (
				6D7773C828E1BFC90039BC29 /* AppDelegate.swift */,
				6D7773CA28E1BFC90039BC29 /* SceneDelegate.swift */,
				6D7773CC28E1BFC90039BC29 /* ViewController.swift */,
				6D7773CE28E1BFC90039BC29 /* Main.storyboard */,
				6D7773D128E1BFCC0039BC29 /* Assets.xcassets */,
				6D7773D328E1BFCC0039BC29 /* LaunchScreen.storyboard */,
				6D7773D628E1BFCC0039BC29 /* Info.plist */,
			);
			path = RadioFrequencyView;
			sourceTree = "<group>";
		};
/* End PBXGroup section */

/* Begin PBXNativeTarget section */
		6D7773C428E1BFC90039BC29 /* RadioFrequencyView_Example */ = {
			isa = PBXNativeTarget;
			buildConfigurationList = 6D7773D928E1BFCC0039BC29 /* Build configuration list for PBXNativeTarget "RadioFrequencyView_Example" */;
			buildPhases = (
				8B63A64C067B7FF42689087E /* [CP] Check Pods Manifest.lock */,
				6D7773C128E1BFC90039BC29 /* Sources */,
				6D7773C228E1BFC90039BC29 /* Frameworks */,
				6D7773C328E1BFC90039BC29 /* Resources */,
				85E4CC366E171B8D42529451 /* [CP] Embed Pods Frameworks */,
			);
			buildRules = (
			);
			dependencies = (
			);
			name = RadioFrequencyView_Example;
			productName = RadioFrequencyView;
			productReference = 6D7773C528E1BFC90039BC29 /* RadioFrequencyView_Example.app */;
			productType = "com.apple.product-type.application";
		};
/* End PBXNativeTarget section */

/* Begin PBXProject section */
		6D7773BD28E1BFC90039BC29 /* Project object */ = {
			isa = PBXProject;
			attributes = {
				BuildIndependentTargetsInParallel = 1;
				LastSwiftUpdateCheck = 1400;
				LastUpgradeCheck = 1400;
				TargetAttributes = {
					6D7773C428E1BFC90039BC29 = {
						CreatedOnToolsVersion = 14.0;
					};
				};
			};
			buildConfigurationList = 6D7773C028E1BFC90039BC29 /* Build configuration list for PBXProject "RadioFrequencyView_Example" */;
			compatibilityVersion = "Xcode 14.0";
			developmentRegion = en;
			hasScannedForEncodings = 0;
			knownRegions = (
				en,
				Base,
			);
			mainGroup = 6D7773BC28E1BFC90039BC29;
			productRefGroup = 6D7773C628E1BFC90039BC29 /* Products */;
			projectDirPath = "";
			projectRoot = "";
			targets = (
				6D7773C428E1BFC90039BC29 /* RadioFrequencyView_Example */,
			);
		};
/* End PBXProject section */

/* Begin PBXResourcesBuildPhase section */
		6D7773C328E1BFC90039BC29 /* Resources */ = {
			isa = PBXResourcesBuildPhase;
			buildActionMask = 2147483647;
			files = (
				6D7773D528E1BFCC0039BC29 /* LaunchScreen.storyboard in Resources */,
				6D7773D228E1BFCC0039BC29 /* Assets.xcassets in Resources */,
				6D7773D028E1BFC90039BC29 /* Main.storyboard in Resources */,
			);
			runOnlyForDeploymentPostprocessing = 0;
		};
/* End PBXResourcesBuildPhase section */

/* Begin PBXShellScriptBuildPhase section */
		85E4CC366E171B8D42529451 /* [CP] Embed Pods Frameworks */ = {
			isa = PBXShellScriptBuildPhase;
			buildActionMask = 2147483647;
			files = (
			);
			inputFileListPaths = (
				"${PODS_ROOT}/Target Support Files/Pods-RadioFrequencyView/Pods-RadioFrequencyView-frameworks-${CONFIGURATION}-input-files.xcfilelist",
			);
			name = "[CP] Embed Pods Frameworks";
			outputFileListPaths = (
				"${PODS_ROOT}/Target Support Files/Pods-RadioFrequencyView/Pods-RadioFrequencyView-frameworks-${CONFIGURATION}-output-files.xcfilelist",
			);
			runOnlyForDeploymentPostprocessing = 0;
			shellPath = /bin/sh;
			shellScript = "\"${PODS_ROOT}/Target Support Files/Pods-RadioFrequencyView/Pods-RadioFrequencyView-frameworks.sh\"\n";
			showEnvVarsInLog = 0;
		};
		8B63A64C067B7FF42689087E /* [CP] Check Pods Manifest.lock */ = {
			isa = PBXShellScriptBuildPhase;
			buildActionMask = 2147483647;
			files = (
			);
			inputFileListPaths = (
			);
			inputPaths = (
				"${PODS_PODFILE_DIR_PATH}/Podfile.lock",
				"${PODS_ROOT}/Manifest.lock",
			);
			name = "[CP] Check Pods Manifest.lock";
			outputFileListPaths = (
			);
			outputPaths = (
				"$(DERIVED_FILE_DIR)/Pods-RadioFrequencyView-checkManifestLockResult.txt",
			);
			runOnlyForDeploymentPostprocessing = 0;
			shellPath = /bin/sh;
			shellScript = "diff \"${PODS_PODFILE_DIR_PATH}/Podfile.lock\" \"${PODS_ROOT}/Manifest.lock\" > /dev/null\nif [ $? != 0 ] ; then\n    # print error to STDERR\n    echo \"error: The sandbox is not in sync with the Podfile.lock. Run 'pod install' or update your CocoaPods installation.\" >&2\n    exit 1\nfi\n# This output is used by Xcode 'outputs' to avoid re-running this script phase.\necho \"SUCCESS\" > \"${SCRIPT_OUTPUT_FILE_0}\"\n";
			showEnvVarsInLog = 0;
		};
/* End PBXShellScriptBuildPhase section */

/* Begin PBXSourcesBuildPhase section */
		6D7773C128E1BFC90039BC29 /* Sources */ = {
			isa = PBXSourcesBuildPhase;
			buildActionMask = 2147483647;
			files = (
				6D7773CD28E1BFC90039BC29 /* ViewController.swift in Sources */,
				6D7773C928E1BFC90039BC29 /* AppDelegate.swift in Sources */,
				6D7773CB28E1BFC90039BC29 /* SceneDelegate.swift in Sources */,
			);
			runOnlyForDeploymentPostprocessing = 0;
		};
/* End PBXSourcesBuildPhase section */

/* Begin PBXVariantGroup section */
		6D7773CE28E1BFC90039BC29 /* Main.storyboard */ = {
			isa = PBXVariantGroup;
			children = (
				6D7773CF28E1BFC90039BC29 /* Base */,
			);
			name = Main.storyboard;
			sourceTree = "<group>";
		};
		6D7773D328E1BFCC0039BC29 /* LaunchScreen.storyboard */ = {
			isa = PBXVariantGroup;
			children = (
				6D7773D428E1BFCC0039BC29 /* Base */,
			);
			name = LaunchScreen.storyboard;
			sourceTree = "<group>";
		};
/* End PBXVariantGroup section */

/* Begin XCBuildConfiguration section */
		6D7773D728E1BFCC0039BC29 /* Debug */ = {
			isa = XCBuildConfiguration;
			buildSettings = {
				ALWAYS_SEARCH_USER_PATHS = NO;
				CLANG_ANALYZER_NONNULL = YES;
				CLANG_ANALYZER_NUMBER_OBJECT_CONVERSION = YES_AGGRESSIVE;
				CLANG_CXX_LANGUAGE_STANDARD = "gnu++20";
				CLANG_ENABLE_MODULES = YES;
				CLANG_ENABLE_OBJC_ARC = YES;
				CLANG_ENABLE_OBJC_WEAK = YES;
				CLANG_WARN_BLOCK_CAPTURE_AUTORELEASING = YES;
				CLANG_WARN_BOOL_CONVERSION = YES;
				CLANG_WARN_COMMA = YES;
				CLANG_WARN_CONSTANT_CONVERSION = YES;
				CLANG_WARN_DEPRECATED_OBJC_IMPLEMENTATIONS = YES;
				CLANG_WARN_DIRECT_OBJC_ISA_USAGE = YES_ERROR;
				CLANG_WARN_DOCUMENTATION_COMMENTS = YES;
				CLANG_WARN_EMPTY_BODY = YES;
				CLANG_WARN_ENUM_CONVERSION = YES;
				CLANG_WARN_INFINITE_RECURSION = YES;
				CLANG_WARN_INT_CONVERSION = YES;
				CLANG_WARN_NON_LITERAL_NULL_CONVERSION = YES;
				CLANG_WARN_OBJC_IMPLICIT_RETAIN_SELF = YES;
				CLANG_WARN_OBJC_LITERAL_CONVERSION = YES;
				CLANG_WARN_OBJC_ROOT_CLASS = YES_ERROR;
				CLANG_WARN_QUOTED_INCLUDE_IN_FRAMEWORK_HEADER = YES;
				CLANG_WARN_RANGE_LOOP_ANALYSIS = YES;
				CLANG_WARN_STRICT_PROTOTYPES = YES;
				CLANG_WARN_SUSPICIOUS_MOVE = YES;
				CLANG_WARN_UNGUARDED_AVAILABILITY = YES_AGGRESSIVE;
				CLANG_WARN_UNREACHABLE_CODE = YES;
				CLANG_WARN__DUPLICATE_METHOD_MATCH = YES;
				COPY_PHASE_STRIP = NO;
				DEBUG_INFORMATION_FORMAT = dwarf;
				ENABLE_STRICT_OBJC_MSGSEND = YES;
				ENABLE_TESTABILITY = YES;
				GCC_C_LANGUAGE_STANDARD = gnu11;
				GCC_DYNAMIC_NO_PIC = NO;
				GCC_NO_COMMON_BLOCKS = YES;
				GCC_OPTIMIZATION_LEVEL = 0;
				GCC_PREPROCESSOR_DEFINITIONS = (
					"DEBUG=1",
					"$(inherited)",
				);
				GCC_WARN_64_TO_32_BIT_CONVERSION = YES;
				GCC_WARN_ABOUT_RETURN_TYPE = YES_ERROR;
				GCC_WARN_UNDECLARED_SELECTOR = YES;
				GCC_WARN_UNINITIALIZED_AUTOS = YES_AGGRESSIVE;
				GCC_WARN_UNUSED_FUNCTION = YES;
				GCC_WARN_UNUSED_VARIABLE = YES;
				IPHONEOS_DEPLOYMENT_TARGET = 16.0;
				MTL_ENABLE_DEBUG_INFO = INCLUDE_SOURCE;
				MTL_FAST_MATH = YES;
				ONLY_ACTIVE_ARCH = YES;
				SDKROOT = iphoneos;
				SWIFT_ACTIVE_COMPILATION_CONDITIONS = DEBUG;
				SWIFT_OPTIMIZATION_LEVEL = "-Onone";
			};
			name = Debug;
		};
		6D7773D828E1BFCC0039BC29 /* Release */ = {
			isa = XCBuildConfiguration;
			buildSettings = {
				ALWAYS_SEARCH_USER_PATHS = NO;
				CLANG_ANALYZER_NONNULL = YES;
				CLANG_ANALYZER_NUMBER_OBJECT_CONVERSION = YES_AGGRESSIVE;
				CLANG_CXX_LANGUAGE_STANDARD = "gnu++20";
				CLANG_ENABLE_MODULES = YES;
				CLANG_ENABLE_OBJC_ARC = YES;
				CLANG_ENABLE_OBJC_WEAK = YES;
				CLANG_WARN_BLOCK_CAPTURE_AUTORELEASING = YES;
				CLANG_WARN_BOOL_CONVERSION = YES;
				CLANG_WARN_COMMA = YES;
				CLANG_WARN_CONSTANT_CONVERSION = YES;
				CLANG_WARN_DEPRECATED_OBJC_IMPLEMENTATIONS = YES;
				CLANG_WARN_DIRECT_OBJC_ISA_USAGE = YES_ERROR;
				CLANG_WARN_DOCUMENTATION_COMMENTS = YES;
				CLANG_WARN_EMPTY_BODY = YES;
				CLANG_WARN_ENUM_CONVERSION = YES;
				CLANG_WARN_INFINITE_RECURSION = YES;
				CLANG_WARN_INT_CONVERSION = YES;
				CLANG_WARN_NON_LITERAL_NULL_CONVERSION = YES;
				CLANG_WARN_OBJC_IMPLICIT_RETAIN_SELF = YES;
				CLANG_WARN_OBJC_LITERAL_CONVERSION = YES;
				CLANG_WARN_OBJC_ROOT_CLASS = YES_ERROR;
				CLANG_WARN_QUOTED_INCLUDE_IN_FRAMEWORK_HEADER = YES;
				CLANG_WARN_RANGE_LOOP_ANALYSIS = YES;
				CLANG_WARN_STRICT_PROTOTYPES = YES;
				CLANG_WARN_SUSPICIOUS_MOVE = YES;
				CLANG_WARN_UNGUARDED_AVAILABILITY = YES_AGGRESSIVE;
				CLANG_WARN_UNREACHABLE_CODE = YES;
				CLANG_WARN__DUPLICATE_METHOD_MATCH = YES;
				COPY_PHASE_STRIP = NO;
				DEBUG_INFORMATION_FORMAT = "dwarf-with-dsym";
				ENABLE_NS_ASSERTIONS = NO;
				ENABLE_STRICT_OBJC_MSGSEND = YES;
				GCC_C_LANGUAGE_STANDARD = gnu11;
				GCC_NO_COMMON_BLOCKS = YES;
				GCC_WARN_64_TO_32_BIT_CONVERSION = YES;
				GCC_WARN_ABOUT_RETURN_TYPE = YES_ERROR;
				GCC_WARN_UNDECLARED_SELECTOR = YES;
				GCC_WARN_UNINITIALIZED_AUTOS = YES_AGGRESSIVE;
				GCC_WARN_UNUSED_FUNCTION = YES;
				GCC_WARN_UNUSED_VARIABLE = YES;
				IPHONEOS_DEPLOYMENT_TARGET = 16.0;
				MTL_ENABLE_DEBUG_INFO = NO;
				MTL_FAST_MATH = YES;
				SDKROOT = iphoneos;
				SWIFT_COMPILATION_MODE = wholemodule;
				SWIFT_OPTIMIZATION_LEVEL = "-O";
				VALIDATE_PRODUCT = YES;
			};
			name = Release;
		};
		6D7773DA28E1BFCC0039BC29 /* Debug */ = {
			isa = XCBuildConfiguration;
			baseConfigurationReference = 77D8EA0424EF5B292410D9F6 /* Pods-RadioFrequencyView.debug.xcconfig */;
			buildSettings = {
				ASSETCATALOG_COMPILER_APPICON_NAME = AppIcon;
				ASSETCATALOG_COMPILER_GLOBAL_ACCENT_COLOR_NAME = AccentColor;
				CODE_SIGN_STYLE = Automatic;
				CURRENT_PROJECT_VERSION = 1;
				EXCLUDED_ARCHS = "";
				"EXCLUDED_ARCHS[sdk=iphonesimulator*]" = arm64;
				GENERATE_INFOPLIST_FILE = YES;
				INFOPLIST_FILE = RadioFrequencyView/Info.plist;
				INFOPLIST_KEY_UIApplicationSupportsIndirectInputEvents = YES;
				INFOPLIST_KEY_UILaunchStoryboardName = LaunchScreen;
				INFOPLIST_KEY_UIMainStoryboardFile = Main;
				INFOPLIST_KEY_UISupportedInterfaceOrientations_iPad = "UIInterfaceOrientationPortrait UIInterfaceOrientationPortraitUpsideDown UIInterfaceOrientationLandscapeLeft UIInterfaceOrientationLandscapeRight";
				INFOPLIST_KEY_UISupportedInterfaceOrientations_iPhone = "UIInterfaceOrientationPortrait UIInterfaceOrientationLandscapeLeft UIInterfaceOrientationLandscapeRight";
				IPHONEOS_DEPLOYMENT_TARGET = 13.0;
				LD_RUNPATH_SEARCH_PATHS = (
					"$(inherited)",
					"@executable_path/Frameworks",
				);
				MARKETING_VERSION = 1.0;
				PRODUCT_BUNDLE_IDENTIFIER = "org.cocoapods.demo.--PRODUCT-NAME-rfc1034identifier-.RadioFrequencyView";
				PRODUCT_NAME = "$(TARGET_NAME)";
				SWIFT_EMIT_LOC_STRINGS = YES;
				SWIFT_VERSION = 5.0;
				TARGETED_DEVICE_FAMILY = "1,2";
			};
			name = Debug;
		};
		6D7773DB28E1BFCC0039BC29 /* Release */ = {
			isa = XCBuildConfiguration;
			baseConfigurationReference = D44CE1A4CFC0ACF456EC1742 /* Pods-RadioFrequencyView.release.xcconfig */;
			buildSettings = {
				ASSETCATALOG_COMPILER_APPICON_NAME = AppIcon;
				ASSETCATALOG_COMPILER_GLOBAL_ACCENT_COLOR_NAME = AccentColor;
				CODE_SIGN_STYLE = Automatic;
				CURRENT_PROJECT_VERSION = 1;
				EXCLUDED_ARCHS = "";
				"EXCLUDED_ARCHS[sdk=iphonesimulator*]" = arm64;
				GENERATE_INFOPLIST_FILE = YES;
				INFOPLIST_FILE = RadioFrequencyView/Info.plist;
				INFOPLIST_KEY_UIApplicationSupportsIndirectInputEvents = YES;
				INFOPLIST_KEY_UILaunchStoryboardName = LaunchScreen;
				INFOPLIST_KEY_UIMainStoryboardFile = Main;
				INFOPLIST_KEY_UISupportedInterfaceOrientations_iPad = "UIInterfaceOrientationPortrait UIInterfaceOrientationPortraitUpsideDown UIInterfaceOrientationLandscapeLeft UIInterfaceOrientationLandscapeRight";
				INFOPLIST_KEY_UISupportedInterfaceOrientations_iPhone = "UIInterfaceOrientationPortrait UIInterfaceOrientationLandscapeLeft UIInterfaceOrientationLandscapeRight";
				IPHONEOS_DEPLOYMENT_TARGET = 13.0;
				LD_RUNPATH_SEARCH_PATHS = (
					"$(inherited)",
					"@executable_path/Frameworks",
				);
				MARKETING_VERSION = 1.0;
				PRODUCT_BUNDLE_IDENTIFIER = "org.cocoapods.demo.--PRODUCT-NAME-rfc1034identifier-.RadioFrequencyView";
				PRODUCT_NAME = "$(TARGET_NAME)";
				SWIFT_EMIT_LOC_STRINGS = YES;
				SWIFT_VERSION = 5.0;
				TARGETED_DEVICE_FAMILY = "1,2";
			};
			name = Release;
		};
/* End XCBuildConfiguration section */

/* Begin XCConfigurationList section */
		6D7773C028E1BFC90039BC29 /* Build configuration list for PBXProject "RadioFrequencyView_Example" */ = {
			isa = XCConfigurationList;
			buildConfigurations = (
				6D7773D728E1BFCC0039BC29 /* Debug */,
				6D7773D828E1BFCC0039BC29 /* Release */,
			);
			defaultConfigurationIsVisible = 0;
			defaultConfigurationName = Release;
		};
		6D7773D928E1BFCC0039BC29 /* Build configuration list for PBXNativeTarget "RadioFrequencyView_Example" */ = {
			isa = XCConfigurationList;
			buildConfigurations = (
				6D7773DA28E1BFCC0039BC29 /* Debug */,
				6D7773DB28E1BFCC0039BC29 /* Release */,
			);
			defaultConfigurationIsVisible = 0;
			defaultConfigurationName = Release;
		};
/* End XCConfigurationList section */
	};
	rootObject = 6D7773BD28E1BFC90039BC29 /* Project object */;
}
